
Microsoft Visual Studio Solution File, Format Version 12.00
# Visual Studio 15
VisualStudioVersion = 15.0.28307.329
MinimumVisualStudioVersion = 10.0.40219.1
Project("{FAE04EC0-301F-11D3-BF4B-00C04F79EFBC}") = "2C2P.Tests", "2C2P.Tests\2C2P.Tests.csproj", "{B0E7381F-27E7-443A-9C67-4CBA51F57459}"
EndProject
Project("{FAE04EC0-301F-11D3-BF4B-00C04F79EFBC}") = "2C2P.DAL", "2C2P.DAL\2C2P.DAL.csproj", "{A4B466BF-6694-471E-9800-8F4F46423769}"
EndProject
Project("{FAE04EC0-301F-11D3-BF4B-00C04F79EFBC}") = "2C2PWeb", "2C2PWeb\2C2PWeb.csproj", "{0390AACF-8085-4B26-968E-B599CF744D67}"
EndProject
Global
	GlobalSection(SolutionConfigurationPlatforms) = preSolution
		Debug|Any CPU = Debug|Any CPU
		Release|Any CPU = Release|Any CPU
	EndGlobalSection
	GlobalSection(ProjectConfigurationPlatforms) = postSolution
		{B0E7381F-27E7-443A-9C67-4CBA51F57459}.Debug|Any CPU.ActiveCfg = Debug|Any CPU
		{B0E7381F-27E7-443A-9C67-4CBA51F57459}.Debug|Any CPU.Build.0 = Debug|Any CPU
		{B0E7381F-27E7-443A-9C67-4CBA51F57459}.Release|Any CPU.ActiveCfg = Release|Any CPU
		{B0E7381F-27E7-443A-9C67-4CBA51F57459}.Release|Any CPU.Build.0 = Release|Any CPU
		{A4B466BF-6694-471E-9800-8F4F46423769}.Debug|Any CPU.ActiveCfg = Debug|Any CPU
		{A4B466BF-6694-471E-9800-8F4F46423769}.Debug|Any CPU.Build.0 = Debug|Any CPU
		{A4B466BF-6694-471E-9800-8F4F46423769}.Release|Any CPU.ActiveCfg = Release|Any CPU
		{A4B466BF-6694-471E-9800-8F4F46423769}.Release|Any CPU.Build.0 = Release|Any CPU
		{0390AACF-8085-4B26-968E-B599CF744D67}.Debug|Any CPU.ActiveCfg = Debug|Any CPU
		{0390AACF-8085-4B26-968E-B599CF744D67}.Debug|Any CPU.Build.0 = Debug|Any CPU
		{0390AACF-8085-4B26-968E-B599CF744D67}.Release|Any CPU.ActiveCfg = Release|Any CPU
		{0390AACF-8085-4B26-968E-B599CF744D67}.Release|Any CPU.Build.0 = Release|Any CPU
	EndGlobalSection
	GlobalSection(SolutionProperties) = preSolution
		HideSolutionNode = FALSE
	EndGlobalSection
	GlobalSection(ExtensibilityGlobals) = postSolution
		SolutionGuid = {79132338-0C63-405D-B4CC-67BFA9DE6F13}
	EndGlobalSection
EndGlobal
